
Microsoft Visual Studio Solution File, Format Version 12.00
# Visual Studio Version 17
VisualStudioVersion = 17.14.36511.14
MinimumVisualStudioVersion = 10.0.40219.1
Project("{FAE04EC0-301F-11D3-BF4B-00C04F79EFBC}") = "SearchApi.IntegrationTests", "SearchApi.IntegrationTests\SearchApi.IntegrationTests.csproj", "{27CD8B2E-BC1E-4EA1-8C4C-D81F48417794}"
EndProject
Project("{FAE04EC0-301F-11D3-BF4B-00C04F79EFBC}") = "SearchApi", "SearchApi\SearchApi.csproj", "{B86995E7-5FC9-475A-9571-FE6CDFBF65FA}"
EndProject
Project("{FAE04EC0-301F-11D3-BF4B-00C04F79EFBC}") = "SearchApi.Tests", "SearchApi.Tests\SearchApi.Tests.csproj", "{50CADC51-76D2-4672-9440-510E2AF1385D}"
EndProject
Global
	GlobalSection(SolutionConfigurationPlatforms) = preSolution
		Debug|Any CPU = Debug|Any CPU
		Debug|x64 = Debug|x64
		Debug|x86 = Debug|x86
		Release|Any CPU = Release|Any CPU
		Release|x64 = Release|x64
		Release|x86 = Release|x86
	EndGlobalSection
	GlobalSection(ProjectConfigurationPlatforms) = postSolution
		{27CD8B2E-BC1E-4EA1-8C4C-D81F48417794}.Debug|Any CPU.ActiveCfg = Debug|Any CPU
		{27CD8B2E-BC1E-4EA1-8C4C-D81F48417794}.Debug|Any CPU.Build.0 = Debug|Any CPU
		{27CD8B2E-BC1E-4EA1-8C4C-D81F48417794}.Debug|x64.ActiveCfg = Debug|Any CPU
		{27CD8B2E-BC1E-4EA1-8C4C-D81F48417794}.Debug|x64.Build.0 = Debug|Any CPU
		{27CD8B2E-BC1E-4EA1-8C4C-D81F48417794}.Debug|x86.ActiveCfg = Debug|Any CPU
		{27CD8B2E-BC1E-4EA1-8C4C-D81F48417794}.Debug|x86.Build.0 = Debug|Any CPU
		{27CD8B2E-BC1E-4EA1-8C4C-D81F48417794}.Release|Any CPU.ActiveCfg = Release|Any CPU
		{27CD8B2E-BC1E-4EA1-8C4C-D81F48417794}.Release|Any CPU.Build.0 = Release|Any CPU
		{27CD8B2E-BC1E-4EA1-8C4C-D81F48417794}.Release|x64.ActiveCfg = Release|Any CPU
		{27CD8B2E-BC1E-4EA1-8C4C-D81F48417794}.Release|x64.Build.0 = Release|Any CPU
		{27CD8B2E-BC1E-4EA1-8C4C-D81F48417794}.Release|x86.ActiveCfg = Release|Any CPU
		{27CD8B2E-BC1E-4EA1-8C4C-D81F48417794}.Release|x86.Build.0 = Release|Any CPU
		{B86995E7-5FC9-475A-9571-FE6CDFBF65FA}.Debug|Any CPU.ActiveCfg = Debug|Any CPU
		{B86995E7-5FC9-475A-9571-FE6CDFBF65FA}.Debug|Any CPU.Build.0 = Debug|Any CPU
		{B86995E7-5FC9-475A-9571-FE6CDFBF65FA}.Debug|x64.ActiveCfg = Debug|Any CPU
		{B86995E7-5FC9-475A-9571-FE6CDFBF65FA}.Debug|x64.Build.0 = Debug|Any CPU
		{B86995E7-5FC9-475A-9571-FE6CDFBF65FA}.Debug|x86.ActiveCfg = Debug|Any CPU
		{B86995E7-5FC9-475A-9571-FE6CDFBF65FA}.Debug|x86.Build.0 = Debug|Any CPU
		{B86995E7-5FC9-475A-9571-FE6CDFBF65FA}.Release|Any CPU.ActiveCfg = Release|Any CPU
		{B86995E7-5FC9-475A-9571-FE6CDFBF65FA}.Release|Any CPU.Build.0 = Release|Any CPU
		{B86995E7-5FC9-475A-9571-FE6CDFBF65FA}.Release|x64.ActiveCfg = Release|Any CPU
		{B86995E7-5FC9-475A-9571-FE6CDFBF65FA}.Release|x64.Build.0 = Release|Any CPU
		{B86995E7-5FC9-475A-9571-FE6CDFBF65FA}.Release|x86.ActiveCfg = Release|Any CPU
		{B86995E7-5FC9-475A-9571-FE6CDFBF65FA}.Release|x86.Build.0 = Release|Any CPU
		{50CADC51-76D2-4672-9440-510E2AF1385D}.Debug|Any CPU.ActiveCfg = Debug|Any CPU
		{50CADC51-76D2-4672-9440-510E2AF1385D}.Debug|Any CPU.Build.0 = Debug|Any CPU
		{50CADC51-76D2-4672-9440-510E2AF1385D}.Debug|x64.ActiveCfg = Debug|Any CPU
		{50CADC51-76D2-4672-9440-510E2AF1385D}.Debug|x64.Build.0 = Debug|Any CPU
		{50CADC51-76D2-4672-9440-510E2AF1385D}.Debug|x86.ActiveCfg = Debug|Any CPU
		{50CADC51-76D2-4672-9440-510E2AF1385D}.Debug|x86.Build.0 = Debug|Any CPU
		{50CADC51-76D2-4672-9440-510E2AF1385D}.Release|Any CPU.ActiveCfg = Release|Any CPU
		{50CADC51-76D2-4672-9440-510E2AF1385D}.Release|Any CPU.Build.0 = Release|Any CPU
		{50CADC51-76D2-4672-9440-510E2AF1385D}.Release|x64.ActiveCfg = Release|Any CPU
		{50CADC51-76D2-4672-9440-510E2AF1385D}.Release|x64.Build.0 = Release|Any CPU
		{50CADC51-76D2-4672-9440-510E2AF1385D}.Release|x86.ActiveCfg = Release|Any CPU
		{50CADC51-76D2-4672-9440-510E2AF1385D}.Release|x86.Build.0 = Release|Any CPU
	EndGlobalSection
	GlobalSection(SolutionProperties) = preSolution
		HideSolutionNode = FALSE
	EndGlobalSection
	GlobalSection(ExtensibilityGlobals) = postSolution
		SolutionGuid = {5E61BDD3-39F4-4B08-BA27-51A65BFA32C1}
	EndGlobalSection
EndGlobal
